
Microsoft Visual Studio Solution File, Format Version 12.00
# Visual Studio 2013
VisualStudioVersion = 12.0.31101.0
MinimumVisualStudioVersion = 10.0.40219.1
Project("{FAE04EC0-301F-11D3-BF4B-00C04F79EFBC}") = "TableTranslator", "TableTranslator\TableTranslator.csproj", "{C25723DF-4DAA-4FF5-911B-2471299B0199}"
EndProject
Project("{FAE04EC0-301F-11D3-BF4B-00C04F79EFBC}") = "TableTranslator.Sandbox", "TableTranslator.Sandbox\TableTranslator.Sandbox.csproj", "{BF9C8B14-00AA-428C-9BAC-A1193F83DEDA}"
EndProject
Project("{FAE04EC0-301F-11D3-BF4B-00C04F79EFBC}") = "TableTranslator.Test", "TableTranslator.Test\TableTranslator.Test.csproj", "{3C246968-5ECC-46BF-BE9E-5DB0B66F97DE}"
EndProject
Project("{2150E333-8FDC-42A3-9474-1A3956D46DE8}") = ".nuget", ".nuget", "{CDCBFD64-D7C6-45C5-97BB-F40AFDA4E3A4}"
	ProjectSection(SolutionItems) = preProject
		.nuget\NuGet.Config = .nuget\NuGet.Config
		.nuget\NuGet.exe = .nuget\NuGet.exe
		.nuget\NuGet.targets = .nuget\NuGet.targets
	EndProjectSection
EndProject
Global
	GlobalSection(TeamFoundationVersionControl) = preSolution
		SccNumberOfProjects = 4
		SccEnterpriseProvider = {4CA58AB2-18FA-4F8D-95D4-32DDF27D184C}
		SccTeamFoundationServer = https://cknightdevelopment.visualstudio.com/defaultcollection
		SccLocalPath0 = .
		SccProjectUniqueName1 = TableTranslator.Sandbox\\TableTranslator.Sandbox.csproj
		SccProjectName1 = TableTranslator.Sandbox
		SccLocalPath1 = TableTranslator.Sandbox
		SccProjectUniqueName2 = TableTranslator.Test\\TableTranslator.Test.csproj
		SccProjectName2 = TableTranslator.Test
		SccLocalPath2 = TableTranslator.Test
		SccProjectUniqueName3 = TableTranslator\\TableTranslator.csproj
		SccProjectName3 = TableTranslator
		SccLocalPath3 = TableTranslator
	EndGlobalSection
	GlobalSection(SolutionConfigurationPlatforms) = preSolution
		Debug|Any CPU = Debug|Any CPU
		Release|Any CPU = Release|Any CPU
	EndGlobalSection
	GlobalSection(ProjectConfigurationPlatforms) = postSolution
		{C25723DF-4DAA-4FF5-911B-2471299B0199}.Debug|Any CPU.ActiveCfg = Debug|Any CPU
		{C25723DF-4DAA-4FF5-911B-2471299B0199}.Debug|Any CPU.Build.0 = Debug|Any CPU
		{C25723DF-4DAA-4FF5-911B-2471299B0199}.Release|Any CPU.ActiveCfg = Release|Any CPU
		{C25723DF-4DAA-4FF5-911B-2471299B0199}.Release|Any CPU.Build.0 = Release|Any CPU
		{BF9C8B14-00AA-428C-9BAC-A1193F83DEDA}.Debug|Any CPU.ActiveCfg = Debug|Any CPU
		{BF9C8B14-00AA-428C-9BAC-A1193F83DEDA}.Debug|Any CPU.Build.0 = Debug|Any CPU
		{BF9C8B14-00AA-428C-9BAC-A1193F83DEDA}.Release|Any CPU.ActiveCfg = Release|Any CPU
		{BF9C8B14-00AA-428C-9BAC-A1193F83DEDA}.Release|Any CPU.Build.0 = Release|Any CPU
		{3C246968-5ECC-46BF-BE9E-5DB0B66F97DE}.Debug|Any CPU.ActiveCfg = Debug|Any CPU
		{3C246968-5ECC-46BF-BE9E-5DB0B66F97DE}.Debug|Any CPU.Build.0 = Debug|Any CPU
		{3C246968-5ECC-46BF-BE9E-5DB0B66F97DE}.Release|Any CPU.ActiveCfg = Release|Any CPU
		{3C246968-5ECC-46BF-BE9E-5DB0B66F97DE}.Release|Any CPU.Build.0 = Release|Any CPU
	EndGlobalSection
	GlobalSection(SolutionProperties) = preSolution
		HideSolutionNode = FALSE
	EndGlobalSection
EndGlobal
